
Microsoft Visual Studio Solution File, Format Version 12.00
# Visual Studio Version 17
VisualStudioVersion = 17.5.33414.496
MinimumVisualStudioVersion = 10.0.40219.1
Project("{9A19103F-16F7-4668-BE54-9A1E7A4F7556}") = "NetForMe", "NetForMe\NetForMe.csproj", "{E0E9E54E-72FD-4DBE-A864-C2F072807EDB}"
EndProject
Project("{FAE04EC0-301F-11D3-BF4B-00C04F79EFBC}") = "NFMTest", "NFMTest\NFMTest.csproj", "{DAB1A6C5-E7BE-4AA4-AD20-F426F05A0D13}"
EndProject
Global
	GlobalSection(SolutionConfigurationPlatforms) = preSolution
		Debug|Any CPU = Debug|Any CPU
		Release|Any CPU = Release|Any CPU
	EndGlobalSection
	GlobalSection(ProjectConfigurationPlatforms) = postSolution
		{E0E9E54E-72FD-4DBE-A864-C2F072807EDB}.Debug|Any CPU.ActiveCfg = Debug|Any CPU
		{E0E9E54E-72FD-4DBE-A864-C2F072807EDB}.Debug|Any CPU.Build.0 = Debug|Any CPU
		{E0E9E54E-72FD-4DBE-A864-C2F072807EDB}.Release|Any CPU.ActiveCfg = Release|Any CPU
		{E0E9E54E-72FD-4DBE-A864-C2F072807EDB}.Release|Any CPU.Build.0 = Release|Any CPU
		{DAB1A6C5-E7BE-4AA4-AD20-F426F05A0D13}.Debug|Any CPU.ActiveCfg = Debug|Any CPU
		{DAB1A6C5-E7BE-4AA4-AD20-F426F05A0D13}.Debug|Any CPU.Build.0 = Debug|Any CPU
		{DAB1A6C5-E7BE-4AA4-AD20-F426F05A0D13}.Release|Any CPU.ActiveCfg = Release|Any CPU
		{DAB1A6C5-E7BE-4AA4-AD20-F426F05A0D13}.Release|Any CPU.Build.0 = Release|Any CPU
	EndGlobalSection
	GlobalSection(SolutionProperties) = preSolution
		HideSolutionNode = FALSE
	EndGlobalSection
	GlobalSection(ExtensibilityGlobals) = postSolution
		SolutionGuid = {7A9D663D-AAE2-4EE8-8F80-48021FEF1CFC}
	EndGlobalSection
EndGlobal
